<?xml version="1.0" encoding="utf-8"?>
<Project ToolsVersion="4.0" xmlns="http://schemas.microsoft.com/developer/msbuild/2003">
  <ItemGroup>
    <ClInclude Include="ObjectClusterFX.h" />
    <ClInclude Include="ObjectClusterFXFactory.h" />
    <ClInclude Include="ObjectClusterFXParams.h" />
    <ClInclude Include="KMeans.h" />
    <ClInclude Include="ClusterUtilities.h" />
    <ClInclude Include="DSPUtilities.h" />
    <ClInclude Include="CustomOperators.h" />
  </ItemGroup>
  <ItemGroup>
    <ClCompile Include="ObjectClusterFX.cpp" />
    <ClCompile Include="ObjectClusterFXParams.cpp" />
    <ClCompile Include="ClusterUtilities.cpp" />
    <ClCompile Include="DSPUtilities.cpp" />
    <ClCompile Include="Kmeans.cpp" />
  </ItemGroup>
</Project>